
Microsoft Visual Studio Solution File, Format Version 12.00
# Visual Studio Version 16
VisualStudioVersion = 16.0.30804.86
MinimumVisualStudioVersion = 10.0.40219.1
Project("{FAE04EC0-301F-11D3-BF4B-00C04F79EFBC}") = "Global_Games_Exercise_Cet49", "Global_Games_Exercise_Cet49\Global_Games_Exercise_Cet49.csproj", "{086D49D3-A33A-452F-A324-3CDDF30188AB}"
EndProject
Global
	GlobalSection(SolutionConfigurationPlatforms) = preSolution
		Debug|Any CPU = Debug|Any CPU
		Release|Any CPU = Release|Any CPU
	EndGlobalSection
	GlobalSection(ProjectConfigurationPlatforms) = postSolution
		{086D49D3-A33A-452F-A324-3CDDF30188AB}.Debug|Any CPU.ActiveCfg = Debug|Any CPU
		{086D49D3-A33A-452F-A324-3CDDF30188AB}.Debug|Any CPU.Build.0 = Debug|Any CPU
		{086D49D3-A33A-452F-A324-3CDDF30188AB}.Release|Any CPU.ActiveCfg = Release|Any CPU
		{086D49D3-A33A-452F-A324-3CDDF30188AB}.Release|Any CPU.Build.0 = Release|Any CPU
	EndGlobalSection
	GlobalSection(SolutionProperties) = preSolution
		HideSolutionNode = FALSE
	EndGlobalSection
	GlobalSection(ExtensibilityGlobals) = postSolution
		SolutionGuid = {53737FD6-7190-4707-8540-17240B5E5730}
	EndGlobalSection
EndGlobal
